
Microsoft Visual Studio Solution File, Format Version 12.00
Project("{FAE04EC0-301F-11D3-BF4B-00C04F79EFBC}") = "ChampionsOfKhazad.Bot", "src/ChampionsOfKhazad.Bot/ChampionsOfKhazad.Bot.csproj", "{250AB7D4-9E29-41B4-8636-BDD934CC20EF}"
EndProject
Project("{2150E333-8FDC-42A3-9474-1A3956D46DE8}") = "src", "src", "{AE87495F-C4DE-42DA-8BCB-DF6EC3792ACD}"
EndProject
Project("{FAE04EC0-301F-11D3-BF4B-00C04F79EFBC}") = "ChampionsOfKhazad.Bot.Infrastructure", "src\ChampionsOfKhazad.Bot.Infrastructure\ChampionsOfKhazad.Bot.Infrastructure.csproj", "{F9F08389-512B-408D-A5BB-0F7BEFB06686}"
EndProject
Project("{2150E333-8FDC-42A3-9474-1A3956D46DE8}") = ".config", ".config", "{D06424C6-E36E-4957-8FA4-FF337DEBF9A3}"
	ProjectSection(SolutionItems) = preProject
		.config\dotnet-tools.json = .config\dotnet-tools.json
	EndProjectSection
EndProject
Project("{2150E333-8FDC-42A3-9474-1A3956D46DE8}") = "Solution Items", "Solution Items", "{5B231EE9-6669-4A17-BDA5-5C52B52AECDC}"
	ProjectSection(SolutionItems) = preProject
		.gitignore = .gitignore
		README.md = README.md
		src\.dockerignore = src\.dockerignore
		src\Dockerfile = src\Dockerfile
		.csharpierrc.json = .csharpierrc.json
	EndProjectSection
EndProject
Project("{FAE04EC0-301F-11D3-BF4B-00C04F79EFBC}") = "ChampionsOfKhazad.Bot.OpenAi.Embeddings", "src\ChampionsOfKhazad.Bot.OpenAi.Embeddings\ChampionsOfKhazad.Bot.OpenAi.Embeddings.csproj", "{B1B71F7D-0188-4719-A211-BCCF03A32DFA}"
EndProject
Project("{2150E333-8FDC-42A3-9474-1A3956D46DE8}") = "Repository Items", "Repository Items", "{2B3B333B-BE83-46FC-BB9D-7672F4B8679F}"
EndProject
Project("{2150E333-8FDC-42A3-9474-1A3956D46DE8}") = ".github", ".github", "{A4D28AFE-A969-44EA-90F8-158C988FD16D}"
	ProjectSection(SolutionItems) = preProject
		..\.github\dependabot.yml = ..\.github\dependabot.yml
	EndProjectSection
EndProject
Project("{2150E333-8FDC-42A3-9474-1A3956D46DE8}") = "workflows", "workflows", "{95CB2B92-3C10-4A69-A732-EDAED267A19C}"
	ProjectSection(SolutionItems) = preProject
		..\.github\workflows\bot-deploy.yml = ..\.github\workflows\bot-deploy.yml
	EndProjectSection
EndProject
Project("{FAE04EC0-301F-11D3-BF4B-00C04F79EFBC}") = "ChampionsOfKhazad.Bot.Lore", "src\ChampionsOfKhazad.Bot.Lore\ChampionsOfKhazad.Bot.Lore.csproj", "{DB35D2B8-3E87-4E08-B89C-0A7B421BD9F4}"
EndProject
Project("{FAE04EC0-301F-11D3-BF4B-00C04F79EFBC}") = "ChampionsOfKhazad.Bot.Lore.Mongo", "src\ChampionsOfKhazad.Bot.Lore.Mongo\ChampionsOfKhazad.Bot.Lore.Mongo.csproj", "{2E99F318-9448-42F9-8CDE-32FF77CA0739}"
EndProject
Project("{FAE04EC0-301F-11D3-BF4B-00C04F79EFBC}") = "ChampionsOfKhazad.Bot.RaidHelper", "src\ChampionsOfKhazad.Bot.RaidHelper\ChampionsOfKhazad.Bot.RaidHelper.csproj", "{CB393522-4E3E-44E0-AE23-FF9B61E15DF1}"
EndProject
Project("{FAE04EC0-301F-11D3-BF4B-00C04F79EFBC}") = "ChampionsOfKhazad.Bot.DiscordStats", "src\ChampionsOfKhazad.Bot.DiscordStats\ChampionsOfKhazad.Bot.DiscordStats.csproj", "{95D49A9C-FF4D-4367-B21A-0788CF0AF142}"
EndProject
Project("{FAE04EC0-301F-11D3-BF4B-00C04F79EFBC}") = "ChampionsOfKhazad.Bot.DiscordStats.Mongo", "src\ChampionsOfKhazad.Bot.DiscordStats.Mongo\ChampionsOfKhazad.Bot.DiscordStats.Mongo.csproj", "{08D893D2-A266-44B2-B215-E7CF42F6B2A6}"
EndProject
Project("{FAE04EC0-301F-11D3-BF4B-00C04F79EFBC}") = "ChampionsOfKhazad.Bot.Mongo", "src\ChampionsOfKhazad.Bot.Mongo\ChampionsOfKhazad.Bot.Mongo.csproj", "{75E15DC7-77C0-451A-AEA9-7212CB44228A}"
EndProject
Project("{FAE04EC0-301F-11D3-BF4B-00C04F79EFBC}") = "ChampionsOfKhazad.Bot.HardcoreStats", "src\ChampionsOfKhazad.Bot.HardcoreStats\ChampionsOfKhazad.Bot.HardcoreStats.csproj", "{CA384E3C-B0AC-4CBE-B0BD-718DEB65CDB6}"
EndProject
Project("{FAE04EC0-301F-11D3-BF4B-00C04F79EFBC}") = "ChampionsOfKhazad.Bot.HardcoreStats.Mongo", "src\ChampionsOfKhazad.Bot.HardcoreStats.Mongo\ChampionsOfKhazad.Bot.HardcoreStats.Mongo.csproj", "{ADC3D217-3A6F-482B-8A4D-67C3EC65EB05}"
EndProject
Project("{FAE04EC0-301F-11D3-BF4B-00C04F79EFBC}") = "ChampionsOfKhazad.Bot.Core", "src\ChampionsOfKhazad.Bot.Core\ChampionsOfKhazad.Bot.Core.csproj", "{FD3A9DF6-C3B6-4195-93DB-215EC534180D}"
EndProject
Global
	GlobalSection(SolutionConfigurationPlatforms) = preSolution
		Debug|Any CPU = Debug|Any CPU
		Release|Any CPU = Release|Any CPU
	EndGlobalSection
	GlobalSection(ProjectConfigurationPlatforms) = postSolution
		{250AB7D4-9E29-41B4-8636-BDD934CC20EF}.Debug|Any CPU.ActiveCfg = Debug|Any CPU
		{250AB7D4-9E29-41B4-8636-BDD934CC20EF}.Debug|Any CPU.Build.0 = Debug|Any CPU
		{250AB7D4-9E29-41B4-8636-BDD934CC20EF}.Release|Any CPU.ActiveCfg = Release|Any CPU
		{250AB7D4-9E29-41B4-8636-BDD934CC20EF}.Release|Any CPU.Build.0 = Release|Any CPU
		{F9F08389-512B-408D-A5BB-0F7BEFB06686}.Debug|Any CPU.ActiveCfg = Debug|Any CPU
		{F9F08389-512B-408D-A5BB-0F7BEFB06686}.Debug|Any CPU.Build.0 = Debug|Any CPU
		{F9F08389-512B-408D-A5BB-0F7BEFB06686}.Release|Any CPU.ActiveCfg = Release|Any CPU
		{F9F08389-512B-408D-A5BB-0F7BEFB06686}.Release|Any CPU.Build.0 = Release|Any CPU
		{B1B71F7D-0188-4719-A211-BCCF03A32DFA}.Debug|Any CPU.ActiveCfg = Debug|Any CPU
		{B1B71F7D-0188-4719-A211-BCCF03A32DFA}.Debug|Any CPU.Build.0 = Debug|Any CPU
		{B1B71F7D-0188-4719-A211-BCCF03A32DFA}.Release|Any CPU.ActiveCfg = Release|Any CPU
		{B1B71F7D-0188-4719-A211-BCCF03A32DFA}.Release|Any CPU.Build.0 = Release|Any CPU
		{CB393522-4E3E-44E0-AE23-FF9B61E15DF1}.Debug|Any CPU.ActiveCfg = Debug|Any CPU
		{CB393522-4E3E-44E0-AE23-FF9B61E15DF1}.Debug|Any CPU.Build.0 = Debug|Any CPU
		{CB393522-4E3E-44E0-AE23-FF9B61E15DF1}.Release|Any CPU.ActiveCfg = Release|Any CPU
		{CB393522-4E3E-44E0-AE23-FF9B61E15DF1}.Release|Any CPU.Build.0 = Release|Any CPU
		{DB35D2B8-3E87-4E08-B89C-0A7B421BD9F4}.Debug|Any CPU.ActiveCfg = Debug|Any CPU
		{DB35D2B8-3E87-4E08-B89C-0A7B421BD9F4}.Debug|Any CPU.Build.0 = Debug|Any CPU
		{DB35D2B8-3E87-4E08-B89C-0A7B421BD9F4}.Release|Any CPU.ActiveCfg = Release|Any CPU
		{DB35D2B8-3E87-4E08-B89C-0A7B421BD9F4}.Release|Any CPU.Build.0 = Release|Any CPU
		{2E99F318-9448-42F9-8CDE-32FF77CA0739}.Debug|Any CPU.ActiveCfg = Debug|Any CPU
		{2E99F318-9448-42F9-8CDE-32FF77CA0739}.Debug|Any CPU.Build.0 = Debug|Any CPU
		{2E99F318-9448-42F9-8CDE-32FF77CA0739}.Release|Any CPU.ActiveCfg = Release|Any CPU
		{2E99F318-9448-42F9-8CDE-32FF77CA0739}.Release|Any CPU.Build.0 = Release|Any CPU
		{95D49A9C-FF4D-4367-B21A-0788CF0AF142}.Debug|Any CPU.ActiveCfg = Debug|Any CPU
		{95D49A9C-FF4D-4367-B21A-0788CF0AF142}.Debug|Any CPU.Build.0 = Debug|Any CPU
		{95D49A9C-FF4D-4367-B21A-0788CF0AF142}.Release|Any CPU.ActiveCfg = Release|Any CPU
		{95D49A9C-FF4D-4367-B21A-0788CF0AF142}.Release|Any CPU.Build.0 = Release|Any CPU
		{08D893D2-A266-44B2-B215-E7CF42F6B2A6}.Debug|Any CPU.ActiveCfg = Debug|Any CPU
		{08D893D2-A266-44B2-B215-E7CF42F6B2A6}.Debug|Any CPU.Build.0 = Debug|Any CPU
		{08D893D2-A266-44B2-B215-E7CF42F6B2A6}.Release|Any CPU.ActiveCfg = Release|Any CPU
		{08D893D2-A266-44B2-B215-E7CF42F6B2A6}.Release|Any CPU.Build.0 = Release|Any CPU
		{75E15DC7-77C0-451A-AEA9-7212CB44228A}.Debug|Any CPU.ActiveCfg = Debug|Any CPU
		{75E15DC7-77C0-451A-AEA9-7212CB44228A}.Debug|Any CPU.Build.0 = Debug|Any CPU
		{75E15DC7-77C0-451A-AEA9-7212CB44228A}.Release|Any CPU.ActiveCfg = Release|Any CPU
		{75E15DC7-77C0-451A-AEA9-7212CB44228A}.Release|Any CPU.Build.0 = Release|Any CPU
		{CA384E3C-B0AC-4CBE-B0BD-718DEB65CDB6}.Debug|Any CPU.ActiveCfg = Debug|Any CPU
		{CA384E3C-B0AC-4CBE-B0BD-718DEB65CDB6}.Debug|Any CPU.Build.0 = Debug|Any CPU
		{CA384E3C-B0AC-4CBE-B0BD-718DEB65CDB6}.Release|Any CPU.ActiveCfg = Release|Any CPU
		{CA384E3C-B0AC-4CBE-B0BD-718DEB65CDB6}.Release|Any CPU.Build.0 = Release|Any CPU
		{ADC3D217-3A6F-482B-8A4D-67C3EC65EB05}.Debug|Any CPU.ActiveCfg = Debug|Any CPU
		{ADC3D217-3A6F-482B-8A4D-67C3EC65EB05}.Debug|Any CPU.Build.0 = Debug|Any CPU
		{ADC3D217-3A6F-482B-8A4D-67C3EC65EB05}.Release|Any CPU.ActiveCfg = Release|Any CPU
		{ADC3D217-3A6F-482B-8A4D-67C3EC65EB05}.Release|Any CPU.Build.0 = Release|Any CPU
		{FD3A9DF6-C3B6-4195-93DB-215EC534180D}.Debug|Any CPU.ActiveCfg = Debug|Any CPU
		{FD3A9DF6-C3B6-4195-93DB-215EC534180D}.Debug|Any CPU.Build.0 = Debug|Any CPU
		{FD3A9DF6-C3B6-4195-93DB-215EC534180D}.Release|Any CPU.ActiveCfg = Release|Any CPU
		{FD3A9DF6-C3B6-4195-93DB-215EC534180D}.Release|Any CPU.Build.0 = Release|Any CPU
	EndGlobalSection
	GlobalSection(NestedProjects) = preSolution
		{250AB7D4-9E29-41B4-8636-BDD934CC20EF} = {AE87495F-C4DE-42DA-8BCB-DF6EC3792ACD}
		{F9F08389-512B-408D-A5BB-0F7BEFB06686} = {AE87495F-C4DE-42DA-8BCB-DF6EC3792ACD}
		{B1B71F7D-0188-4719-A211-BCCF03A32DFA} = {AE87495F-C4DE-42DA-8BCB-DF6EC3792ACD}
		{A4D28AFE-A969-44EA-90F8-158C988FD16D} = {2B3B333B-BE83-46FC-BB9D-7672F4B8679F}
		{95CB2B92-3C10-4A69-A732-EDAED267A19C} = {A4D28AFE-A969-44EA-90F8-158C988FD16D}
		{D06424C6-E36E-4957-8FA4-FF337DEBF9A3} = {5B231EE9-6669-4A17-BDA5-5C52B52AECDC}
		{CB393522-4E3E-44E0-AE23-FF9B61E15DF1} = {AE87495F-C4DE-42DA-8BCB-DF6EC3792ACD}
		{DB35D2B8-3E87-4E08-B89C-0A7B421BD9F4} = {AE87495F-C4DE-42DA-8BCB-DF6EC3792ACD}
		{2E99F318-9448-42F9-8CDE-32FF77CA0739} = {AE87495F-C4DE-42DA-8BCB-DF6EC3792ACD}
		{95D49A9C-FF4D-4367-B21A-0788CF0AF142} = {AE87495F-C4DE-42DA-8BCB-DF6EC3792ACD}
		{08D893D2-A266-44B2-B215-E7CF42F6B2A6} = {AE87495F-C4DE-42DA-8BCB-DF6EC3792ACD}
		{75E15DC7-77C0-451A-AEA9-7212CB44228A} = {AE87495F-C4DE-42DA-8BCB-DF6EC3792ACD}
		{CA384E3C-B0AC-4CBE-B0BD-718DEB65CDB6} = {AE87495F-C4DE-42DA-8BCB-DF6EC3792ACD}
		{ADC3D217-3A6F-482B-8A4D-67C3EC65EB05} = {AE87495F-C4DE-42DA-8BCB-DF6EC3792ACD}
		{FD3A9DF6-C3B6-4195-93DB-215EC534180D} = {AE87495F-C4DE-42DA-8BCB-DF6EC3792ACD}
	EndGlobalSection
EndGlobal
